
Microsoft Visual Studio Solution File, Format Version 12.00
# Visual Studio 15
VisualStudioVersion = 15.0.28307.852
MinimumVisualStudioVersion = 10.0.40219.1
Project("{FAE04EC0-301F-11D3-BF4B-00C04F79EFBC}") = "Primer", "SpellFire\Primer\Primer.csproj", "{6AAF40CE-49CF-4B2A-8B30-5C743E91AC66}"
EndProject
Project("{FAE04EC0-301F-11D3-BF4B-00C04F79EFBC}") = "Well", "SpellFire\Well\Well.csproj", "{08E71C05-F662-46D2-8F21-7F11C1ECF220}"
EndProject
Global
	GlobalSection(SolutionConfigurationPlatforms) = preSolution
		Debug|Any CPU = Debug|Any CPU
		Release|Any CPU = Release|Any CPU
	EndGlobalSection
	GlobalSection(ProjectConfigurationPlatforms) = postSolution
		{6AAF40CE-49CF-4B2A-8B30-5C743E91AC66}.Debug|Any CPU.ActiveCfg = Debug|Any CPU
		{6AAF40CE-49CF-4B2A-8B30-5C743E91AC66}.Debug|Any CPU.Build.0 = Debug|Any CPU
		{6AAF40CE-49CF-4B2A-8B30-5C743E91AC66}.Release|Any CPU.ActiveCfg = Release|Any CPU
		{6AAF40CE-49CF-4B2A-8B30-5C743E91AC66}.Release|Any CPU.Build.0 = Release|Any CPU
		{08E71C05-F662-46D2-8F21-7F11C1ECF220}.Debug|Any CPU.ActiveCfg = Debug|Any CPU
		{08E71C05-F662-46D2-8F21-7F11C1ECF220}.Debug|Any CPU.Build.0 = Debug|Any CPU
		{08E71C05-F662-46D2-8F21-7F11C1ECF220}.Release|Any CPU.ActiveCfg = Release|Any CPU
		{08E71C05-F662-46D2-8F21-7F11C1ECF220}.Release|Any CPU.Build.0 = Release|Any CPU
	EndGlobalSection
	GlobalSection(SolutionProperties) = preSolution
		HideSolutionNode = FALSE
	EndGlobalSection
	GlobalSection(ExtensibilityGlobals) = postSolution
		SolutionGuid = {16ABA96C-EE79-42BB-91E6-791E8FCA45EC}
	EndGlobalSection
EndGlobal
