
Microsoft Visual Studio Solution File, Format Version 12.00
# Visual Studio Version 16
VisualStudioVersion = 16.0.29324.140
MinimumVisualStudioVersion = 10.0.40219.1
Project("{FAE04EC0-301F-11D3-BF4B-00C04F79EFBC}") = "Primer", "SpellFire\Primer\Primer.csproj", "{6AAF40CE-49CF-4B2A-8B30-5C743E91AC66}"
	ProjectSection(ProjectDependencies) = postProject
		{DFE25FE0-E4B2-4DDB-B253-A72E7C438892} = {DFE25FE0-E4B2-4DDB-B253-A72E7C438892}
	EndProjectSection
EndProject
Project("{FAE04EC0-301F-11D3-BF4B-00C04F79EFBC}") = "Well", "SpellFire\Well\Well.csproj", "{08E71C05-F662-46D2-8F21-7F11C1ECF220}"
EndProject
Project("{8BC9CEB8-8B4A-11D0-8D11-00A0C91BC942}") = "Scryer", "SpellFire\Scryer\Scryer.vcxproj", "{DFE25FE0-E4B2-4DDB-B253-A72E7C438892}"
EndProject
Global
	GlobalSection(SolutionConfigurationPlatforms) = preSolution
		Debug|Any CPU = Debug|Any CPU
		Debug|x64 = Debug|x64
		Debug|x86 = Debug|x86
		Release|Any CPU = Release|Any CPU
		Release|x64 = Release|x64
		Release|x86 = Release|x86
	EndGlobalSection
	GlobalSection(ProjectConfigurationPlatforms) = postSolution
		{6AAF40CE-49CF-4B2A-8B30-5C743E91AC66}.Debug|Any CPU.ActiveCfg = Debug|Any CPU
		{6AAF40CE-49CF-4B2A-8B30-5C743E91AC66}.Debug|Any CPU.Build.0 = Debug|Any CPU
		{6AAF40CE-49CF-4B2A-8B30-5C743E91AC66}.Debug|x64.ActiveCfg = Debug|Any CPU
		{6AAF40CE-49CF-4B2A-8B30-5C743E91AC66}.Debug|x64.Build.0 = Debug|Any CPU
		{6AAF40CE-49CF-4B2A-8B30-5C743E91AC66}.Debug|x86.ActiveCfg = Debug|Any CPU
		{6AAF40CE-49CF-4B2A-8B30-5C743E91AC66}.Debug|x86.Build.0 = Debug|Any CPU
		{6AAF40CE-49CF-4B2A-8B30-5C743E91AC66}.Release|Any CPU.ActiveCfg = Release|Any CPU
		{6AAF40CE-49CF-4B2A-8B30-5C743E91AC66}.Release|Any CPU.Build.0 = Release|Any CPU
		{6AAF40CE-49CF-4B2A-8B30-5C743E91AC66}.Release|x64.ActiveCfg = Release|Any CPU
		{6AAF40CE-49CF-4B2A-8B30-5C743E91AC66}.Release|x64.Build.0 = Release|Any CPU
		{6AAF40CE-49CF-4B2A-8B30-5C743E91AC66}.Release|x86.ActiveCfg = Release|Any CPU
		{6AAF40CE-49CF-4B2A-8B30-5C743E91AC66}.Release|x86.Build.0 = Release|Any CPU
		{08E71C05-F662-46D2-8F21-7F11C1ECF220}.Debug|Any CPU.ActiveCfg = Debug|Any CPU
		{08E71C05-F662-46D2-8F21-7F11C1ECF220}.Debug|Any CPU.Build.0 = Debug|Any CPU
		{08E71C05-F662-46D2-8F21-7F11C1ECF220}.Debug|x64.ActiveCfg = Debug|Any CPU
		{08E71C05-F662-46D2-8F21-7F11C1ECF220}.Debug|x64.Build.0 = Debug|Any CPU
		{08E71C05-F662-46D2-8F21-7F11C1ECF220}.Debug|x86.ActiveCfg = Debug|Any CPU
		{08E71C05-F662-46D2-8F21-7F11C1ECF220}.Debug|x86.Build.0 = Debug|Any CPU
		{08E71C05-F662-46D2-8F21-7F11C1ECF220}.Release|Any CPU.ActiveCfg = Release|Any CPU
		{08E71C05-F662-46D2-8F21-7F11C1ECF220}.Release|Any CPU.Build.0 = Release|Any CPU
		{08E71C05-F662-46D2-8F21-7F11C1ECF220}.Release|x64.ActiveCfg = Release|Any CPU
		{08E71C05-F662-46D2-8F21-7F11C1ECF220}.Release|x64.Build.0 = Release|Any CPU
		{08E71C05-F662-46D2-8F21-7F11C1ECF220}.Release|x86.ActiveCfg = Release|Any CPU
		{08E71C05-F662-46D2-8F21-7F11C1ECF220}.Release|x86.Build.0 = Release|Any CPU
		{DFE25FE0-E4B2-4DDB-B253-A72E7C438892}.Debug|Any CPU.ActiveCfg = Debug|Win32
		{DFE25FE0-E4B2-4DDB-B253-A72E7C438892}.Debug|Any CPU.Build.0 = Debug|Win32
		{DFE25FE0-E4B2-4DDB-B253-A72E7C438892}.Debug|x64.ActiveCfg = Debug|x64
		{DFE25FE0-E4B2-4DDB-B253-A72E7C438892}.Debug|x64.Build.0 = Debug|x64
		{DFE25FE0-E4B2-4DDB-B253-A72E7C438892}.Debug|x86.ActiveCfg = Debug|Win32
		{DFE25FE0-E4B2-4DDB-B253-A72E7C438892}.Debug|x86.Build.0 = Debug|Win32
		{DFE25FE0-E4B2-4DDB-B253-A72E7C438892}.Release|Any CPU.ActiveCfg = Release|Win32
		{DFE25FE0-E4B2-4DDB-B253-A72E7C438892}.Release|x64.ActiveCfg = Release|x64
		{DFE25FE0-E4B2-4DDB-B253-A72E7C438892}.Release|x64.Build.0 = Release|x64
		{DFE25FE0-E4B2-4DDB-B253-A72E7C438892}.Release|x86.ActiveCfg = Release|Win32
		{DFE25FE0-E4B2-4DDB-B253-A72E7C438892}.Release|x86.Build.0 = Release|Win32
	EndGlobalSection
	GlobalSection(SolutionProperties) = preSolution
		HideSolutionNode = FALSE
	EndGlobalSection
	GlobalSection(ExtensibilityGlobals) = postSolution
		SolutionGuid = {16ABA96C-EE79-42BB-91E6-791E8FCA45EC}
	EndGlobalSection
EndGlobal
